// !$*UTF8*$!
{
	archiveVersion = 1;
	classes = {
	};
	objectVersion = 50;
	objects = {

/* Begin PBXBuildFile section */
		2FAC1B4725D7E7D2008EFB1E /* AppDelegate.swift in Sources */ = {isa = PBXBuildFile; fileRef = 2FAC1B4625D7E7D2008EFB1E /* AppDelegate.swift */; };
		2FAC1B4925D7E7D2008EFB1E /* art.scnassets in Resources */ = {isa = PBXBuildFile; fileRef = 2FAC1B4825D7E7D2008EFB1E /* art.scnassets */; };
		2FAC1B4B25D7E7D2008EFB1E /* ViewController.swift in Sources */ = {isa = PBXBuildFile; fileRef = 2FAC1B4A25D7E7D2008EFB1E /* ViewController.swift */; };
		2FAC1B4E25D7E7D2008EFB1E /* Main.storyboard in Resources */ = {isa = PBXBuildFile; fileRef = 2FAC1B4C25D7E7D2008EFB1E /* Main.storyboard */; };
		2FAC1B5025D7E7D4008EFB1E /* Assets.xcassets in Resources */ = {isa = PBXBuildFile; fileRef = 2FAC1B4F25D7E7D4008EFB1E /* Assets.xcassets */; };
		2FAC1B5325D7E7D4008EFB1E /* LaunchScreen.storyboard in Resources */ = {isa = PBXBuildFile; fileRef = 2FAC1B5125D7E7D4008EFB1E /* LaunchScreen.storyboard */; };
/* End PBXBuildFile section */

/* Begin PBXFileReference section */
		2FAC1B4325D7E7D2008EFB1E /* MyFirstARApp.app */ = {isa = PBXFileReference; explicitFileType = wrapper.application; includeInIndex = 0; path = MyFirstARApp.app; sourceTree = BUILT_PRODUCTS_DIR; };
		2FAC1B4625D7E7D2008EFB1E /* AppDelegate.swift */ = {isa = PBXFileReference; lastKnownFileType = sourcecode.swift; path = AppDelegate.swift; sourceTree = "<group>"; };
		2FAC1B4825D7E7D2008EFB1E /* art.scnassets */ = {isa = PBXFileReference; lastKnownFileType = wrapper.scnassets; path = art.scnassets; sourceTree = "<group>"; };
		2FAC1B4A25D7E7D2008EFB1E /* ViewController.swift */ = {isa = PBXFileReference; lastKnownFileType = sourcecode.swift; path = ViewController.swift; sourceTree = "<group>"; };
		2FAC1B4D25D7E7D2008EFB1E /* Base */ = {isa = PBXFileReference; lastKnownFileType = file.storyboard; name = Base; path = Base.lproj/Main.storyboard; sourceTree = "<group>"; };
		2FAC1B4F25D7E7D4008EFB1E /* Assets.xcassets */ = {isa = PBXFileReference; lastKnownFileType = folder.assetcatalog; path = Assets.xcassets; sourceTree = "<group>"; };
		2FAC1B5225D7E7D4008EFB1E /* Base */ = {isa = PBXFileReference; lastKnownFileType = file.storyboard; name = Base; path = Base.lproj/LaunchScreen.storyboard; sourceTree = "<group>"; };
		2FAC1B5425D7E7D4008EFB1E /* Info.plist */ = {isa = PBXFileReference; lastKnownFileType = text.plist.xml; path = Info.plist; sourceTree = "<group>"; };
/* End PBXFileReference section */

/* Begin PBXFrameworksBuildPhase section */
		2FAC1B4025D7E7D2008EFB1E /* Frameworks */ = {
			isa = PBXFrameworksBuildPhase;
			buildActionMask = 2147483647;
			files = (
			);
			runOnlyForDeploymentPostprocessing = 0;
		};
/* End PBXFrameworksBuildPhase section */

/* Begin PBXGroup section */
		2FAC1B3A25D7E7D2008EFB1E = {
			isa = PBXGroup;
			children = (
				2FAC1B4525D7E7D2008EFB1E /* MyFirstARApp */,
				2FAC1B4425D7E7D2008EFB1E /* Products */,
			);
			sourceTree = "<group>";
		};
		2FAC1B4425D7E7D2008EFB1E /* Products */ = {
			isa = PBXGroup;
			children = (
				2FAC1B4325D7E7D2008EFB1E /* MyFirstARApp.app */,
			);
			name = Products;
			sourceTree = "<group>";
		};
		2FAC1B4525D7E7D2008EFB1E /* MyFirstARApp */ = {
			isa = PBXGroup;
			children = (
				2FAC1B4625D7E7D2008EFB1E /* AppDelegate.swift */,
				2FAC1B4825D7E7D2008EFB1E /* art.scnassets */,
				2FAC1B4A25D7E7D2008EFB1E /* ViewController.swift */,
				2FAC1B4C25D7E7D2008EFB1E /* Main.storyboard */,
				2FAC1B4F25D7E7D4008EFB1E /* Assets.xcassets */,
				2FAC1B5125D7E7D4008EFB1E /* LaunchScreen.storyboard */,
				2FAC1B5425D7E7D4008EFB1E /* Info.plist */,
			);
			path = MyFirstARApp;
			sourceTree = "<group>";
		};
/* End PBXGroup section */

/* Begin PBXNativeTarget section */
		2FAC1B4225D7E7D2008EFB1E /* MyFirstARApp */ = {
			isa = PBXNativeTarget;
			buildConfigurationList = 2FAC1B5725D7E7D4008EFB1E /* Build configuration list for PBXNativeTarget "MyFirstARApp" */;
			buildPhases = (
				2FAC1B3F25D7E7D2008EFB1E /* Sources */,
				2FAC1B4025D7E7D2008EFB1E /* Frameworks */,
				2FAC1B4125D7E7D2008EFB1E /* Resources */,
			);
			buildRules = (
			);
			dependencies = (
			);
			name = MyFirstARApp;
			productName = MyFirstARApp;
			productReference = 2FAC1B4325D7E7D2008EFB1E /* MyFirstARApp.app */;
			productType = "com.apple.product-type.application";
		};
/* End PBXNativeTarget section */

/* Begin PBXProject section */
		2FAC1B3B25D7E7D2008EFB1E /* Project object */ = {
			isa = PBXProject;
			attributes = {
				LastSwiftUpdateCheck = 1240;
				LastUpgradeCheck = 1240;
				TargetAttributes = {
					2FAC1B4225D7E7D2008EFB1E = {
						CreatedOnToolsVersion = 12.4;
					};
				};
			};
			buildConfigurationList = 2FAC1B3E25D7E7D2008EFB1E /* Build configuration list for PBXProject "MyFirstARApp" */;
			compatibilityVersion = "Xcode 9.3";
			developmentRegion = en;
			hasScannedForEncodings = 0;
			knownRegions = (
				en,
				Base,
			);
			mainGroup = 2FAC1B3A25D7E7D2008EFB1E;
			productRefGroup = 2FAC1B4425D7E7D2008EFB1E /* Products */;
			projectDirPath = "";
			projectRoot = "";
			targets = (
				2FAC1B4225D7E7D2008EFB1E /* MyFirstARApp */,
			);
		};
/* End PBXProject section */

/* Begin PBXResourcesBuildPhase section */
		2FAC1B4125D7E7D2008EFB1E /* Resources */ = {
			isa = PBXResourcesBuildPhase;
			buildActionMask = 2147483647;
			files = (
				2FAC1B4925D7E7D2008EFB1E /* art.scnassets in Resources */,
				2FAC1B5325D7E7D4008EFB1E /* LaunchScreen.storyboard in Resources */,
				2FAC1B5025D7E7D4008EFB1E /* Assets.xcassets in Resources */,
				2FAC1B4E25D7E7D2008EFB1E /* Main.storyboard in Resources */,
			);
			runOnlyForDeploymentPostprocessing = 0;
		};
/* End PBXResourcesBuildPhase section */

/* Begin PBXSourcesBuildPhase section */
		2FAC1B3F25D7E7D2008EFB1E /* Sources */ = {
			isa = PBXSourcesBuildPhase;
			buildActionMask = 2147483647;
			files = (
				2FAC1B4B25D7E7D2008EFB1E /* ViewController.swift in Sources */,
				2FAC1B4725D7E7D2008EFB1E /* AppDelegate.swift in Sources */,
			);
			runOnlyForDeploymentPostprocessing = 0;
		};
/* End PBXSourcesBuildPhase section */

/* Begin PBXVariantGroup section */
		2FAC1B4C25D7E7D2008EFB1E /* Main.storyboard */ = {
			isa = PBXVariantGroup;
			children = (
				2FAC1B4D25D7E7D2008EFB1E /* Base */,
			);
			name = Main.storyboard;
			sourceTree = "<group>";
		};
		2FAC1B5125D7E7D4008EFB1E /* LaunchScreen.storyboard */ = {
			isa = PBXVariantGroup;
			children = (
				2FAC1B5225D7E7D4008EFB1E /* Base */,
			);
			name = LaunchScreen.storyboard;
			sourceTree = "<group>";
		};
/* End PBXVariantGroup section */

/* Begin XCBuildConfiguration section */
		2FAC1B5525D7E7D4008EFB1E /* Debug */ = {
			isa = XCBuildConfiguration;
			buildSettings = {
				ALWAYS_SEARCH_USER_PATHS = NO;
				CLANG_ANALYZER_NONNULL = YES;
				CLANG_ANALYZER_NUMBER_OBJECT_CONVERSION = YES_AGGRESSIVE;
				CLANG_CXX_LANGUAGE_STANDARD = "gnu++14";
				CLANG_CXX_LIBRARY = "libc++";
				CLANG_ENABLE_MODULES = YES;
				CLANG_ENABLE_OBJC_ARC = YES;
				CLANG_ENABLE_OBJC_WEAK = YES;
				CLANG_WARN_BLOCK_CAPTURE_AUTORELEASING = YES;
				CLANG_WARN_BOOL_CONVERSION = YES;
				CLANG_WARN_COMMA = YES;
				CLANG_WARN_CONSTANT_CONVERSION = YES;
				CLANG_WARN_DEPRECATED_OBJC_IMPLEMENTATIONS = YES;
				CLANG_WARN_DIRECT_OBJC_ISA_USAGE = YES_ERROR;
				CLANG_WARN_DOCUMENTATION_COMMENTS = YES;
				CLANG_WARN_EMPTY_BODY = YES;
				CLANG_WARN_ENUM_CONVERSION = YES;
				CLANG_WARN_INFINITE_RECURSION = YES;
				CLANG_WARN_INT_CONVERSION = YES;
				CLANG_WARN_NON_LITERAL_NULL_CONVERSION = YES;
				CLANG_WARN_OBJC_IMPLICIT_RETAIN_SELF = YES;
				CLANG_WARN_OBJC_LITERAL_CONVERSION = YES;
				CLANG_WARN_OBJC_ROOT_CLASS = YES_ERROR;
				CLANG_WARN_QUOTED_INCLUDE_IN_FRAMEWORK_HEADER = YES;
				CLANG_WARN_RANGE_LOOP_ANALYSIS = YES;
				CLANG_WARN_STRICT_PROTOTYPES = YES;
				CLANG_WARN_SUSPICIOUS_MOVE = YES;
				CLANG_WARN_UNGUARDED_AVAILABILITY = YES_AGGRESSIVE;
				CLANG_WARN_UNREACHABLE_CODE = YES;
				CLANG_WARN__DUPLICATE_METHOD_MATCH = YES;
				COPY_PHASE_STRIP = NO;
				DEBUG_INFORMATION_FORMAT = dwarf;
				ENABLE_STRICT_OBJC_MSGSEND = YES;
				ENABLE_TESTABILITY = YES;
				GCC_C_LANGUAGE_STANDARD = gnu11;
				GCC_DYNAMIC_NO_PIC = NO;
				GCC_NO_COMMON_BLOCKS = YES;
				GCC_OPTIMIZATION_LEVEL = 0;
				GCC_PREPROCESSOR_DEFINITIONS = (
					"DEBUG=1",
					"$(inherited)",
				);
				GCC_WARN_64_TO_32_BIT_CONVERSION = YES;
				GCC_WARN_ABOUT_RETURN_TYPE = YES_ERROR;
				GCC_WARN_UNDECLARED_SELECTOR = YES;
				GCC_WARN_UNINITIALIZED_AUTOS = YES_AGGRESSIVE;
				GCC_WARN_UNUSED_FUNCTION = YES;
				GCC_WARN_UNUSED_VARIABLE = YES;
				IPHONEOS_DEPLOYMENT_TARGET = 14.4;
				MTL_ENABLE_DEBUG_INFO = INCLUDE_SOURCE;
				MTL_FAST_MATH = YES;
				ONLY_ACTIVE_ARCH = YES;
				SDKROOT = iphoneos;
				SWIFT_ACTIVE_COMPILATION_CONDITIONS = DEBUG;
				SWIFT_OPTIMIZATION_LEVEL = "-Onone";
			};
			name = Debug;
		};
		2FAC1B5625D7E7D4008EFB1E /* Release */ = {
			isa = XCBuildConfiguration;
			buildSettings = {
				ALWAYS_SEARCH_USER_PATHS = NO;
				CLANG_ANALYZER_NONNULL = YES;
				CLANG_ANALYZER_NUMBER_OBJECT_CONVERSION = YES_AGGRESSIVE;
				CLANG_CXX_LANGUAGE_STANDARD = "gnu++14";
				CLANG_CXX_LIBRARY = "libc++";
				CLANG_ENABLE_MODULES = YES;
				CLANG_ENABLE_OBJC_ARC = YES;
				CLANG_ENABLE_OBJC_WEAK = YES;
				CLANG_WARN_BLOCK_CAPTURE_AUTORELEASING = YES;
				CLANG_WARN_BOOL_CONVERSION = YES;
				CLANG_WARN_COMMA = YES;
				CLANG_WARN_CONSTANT_CONVERSION = YES;
				CLANG_WARN_DEPRECATED_OBJC_IMPLEMENTATIONS = YES;
				CLANG_WARN_DIRECT_OBJC_ISA_USAGE = YES_ERROR;
				CLANG_WARN_DOCUMENTATION_COMMENTS = YES;
				CLANG_WARN_EMPTY_BODY = YES;
				CLANG_WARN_ENUM_CONVERSION = YES;
				CLANG_WARN_INFINITE_RECURSION = YES;
				CLANG_WARN_INT_CONVERSION = YES;
				CLANG_WARN_NON_LITERAL_NULL_CONVERSION = YES;
				CLANG_WARN_OBJC_IMPLICIT_RETAIN_SELF = YES;
				CLANG_WARN_OBJC_LITERAL_CONVERSION = YES;
				CLANG_WARN_OBJC_ROOT_CLASS = YES_ERROR;
				CLANG_WARN_QUOTED_INCLUDE_IN_FRAMEWORK_HEADER = YES;
				CLANG_WARN_RANGE_LOOP_ANALYSIS = YES;
				CLANG_WARN_STRICT_PROTOTYPES = YES;
				CLANG_WARN_SUSPICIOUS_MOVE = YES;
				CLANG_WARN_UNGUARDED_AVAILABILITY = YES_AGGRESSIVE;
				CLANG_WARN_UNREACHABLE_CODE = YES;
				CLANG_WARN__DUPLICATE_METHOD_MATCH = YES;
				COPY_PHASE_STRIP = NO;
				DEBUG_INFORMATION_FORMAT = "dwarf-with-dsym";
				ENABLE_NS_ASSERTIONS = NO;
				ENABLE_STRICT_OBJC_MSGSEND = YES;
				GCC_C_LANGUAGE_STANDARD = gnu11;
				GCC_NO_COMMON_BLOCKS = YES;
				GCC_WARN_64_TO_32_BIT_CONVERSION = YES;
				GCC_WARN_ABOUT_RETURN_TYPE = YES_ERROR;
				GCC_WARN_UNDECLARED_SELECTOR = YES;
				GCC_WARN_UNINITIALIZED_AUTOS = YES_AGGRESSIVE;
				GCC_WARN_UNUSED_FUNCTION = YES;
				GCC_WARN_UNUSED_VARIABLE = YES;
				IPHONEOS_DEPLOYMENT_TARGET = 14.4;
				MTL_ENABLE_DEBUG_INFO = NO;
				MTL_FAST_MATH = YES;
				SDKROOT = iphoneos;
				SWIFT_COMPILATION_MODE = wholemodule;
				SWIFT_OPTIMIZATION_LEVEL = "-O";
				VALIDATE_PRODUCT = YES;
			};
			name = Release;
		};
		2FAC1B5825D7E7D4008EFB1E /* Debug */ = {
			isa = XCBuildConfiguration;
			buildSettings = {
				ASSETCATALOG_COMPILER_APPICON_NAME = AppIcon;
				ASSETCATALOG_COMPILER_GLOBAL_ACCENT_COLOR_NAME = AccentColor;
				CODE_SIGN_STYLE = Automatic;
				INFOPLIST_FILE = MyFirstARApp/Info.plist;
				LD_RUNPATH_SEARCH_PATHS = (
					"$(inherited)",
					"@executable_path/Frameworks",
				);
				PRODUCT_BUNDLE_IDENTIFIER = "-305.MyFirstARApp";
				PRODUCT_NAME = "$(TARGET_NAME)";
				SWIFT_VERSION = 5.0;
				TARGETED_DEVICE_FAMILY = "1,2";
			};
			name = Debug;
		};
		2FAC1B5925D7E7D4008EFB1E /* Release */ = {
			isa = XCBuildConfiguration;
			buildSettings = {
				ASSETCATALOG_COMPILER_APPICON_NAME = AppIcon;
				ASSETCATALOG_COMPILER_GLOBAL_ACCENT_COLOR_NAME = AccentColor;
				CODE_SIGN_STYLE = Automatic;
				INFOPLIST_FILE = MyFirstARApp/Info.plist;
				LD_RUNPATH_SEARCH_PATHS = (
					"$(inherited)",
					"@executable_path/Frameworks",
				);
				PRODUCT_BUNDLE_IDENTIFIER = "-305.MyFirstARApp";
				PRODUCT_NAME = "$(TARGET_NAME)";
				SWIFT_VERSION = 5.0;
				TARGETED_DEVICE_FAMILY = "1,2";
			};
			name = Release;
		};
/* End XCBuildConfiguration section */

/* Begin XCConfigurationList section */
		2FAC1B3E25D7E7D2008EFB1E /* Build configuration list for PBXProject "MyFirstARApp" */ = {
			isa = XCConfigurationList;
			buildConfigurations = (
				2FAC1B5525D7E7D4008EFB1E /* Debug */,
				2FAC1B5625D7E7D4008EFB1E /* Release */,
			);
			defaultConfigurationIsVisible = 0;
			defaultConfigurationName = Release;
		};
		2FAC1B5725D7E7D4008EFB1E /* Build configuration list for PBXNativeTarget "MyFirstARApp" */ = {
			isa = XCConfigurationList;
			buildConfigurations = (
				2FAC1B5825D7E7D4008EFB1E /* Debug */,
				2FAC1B5925D7E7D4008EFB1E /* Release */,
			);
			defaultConfigurationIsVisible = 0;
			defaultConfigurationName = Release;
		};
/* End XCConfigurationList section */
	};
	rootObject = 2FAC1B3B25D7E7D2008EFB1E /* Project object */;
}
